
Microsoft Visual Studio Solution File, Format Version 12.00
# Visual Studio Version 17
VisualStudioVersion = 17.12.35521.163 d17.12
MinimumVisualStudioVersion = 10.0.40219.1
Project("{FAE04EC0-301F-11D3-BF4B-00C04F79EFBC}") = "Task1", "Task1\Task1.csproj", "{FCC53007-08F4-459C-B41B-0D22CF27F38F}"
EndProject
Global
	GlobalSection(SolutionConfigurationPlatforms) = preSolution
		Debug|Any CPU = Debug|Any CPU
		Release|Any CPU = Release|Any CPU
	EndGlobalSection
	GlobalSection(ProjectConfigurationPlatforms) = postSolution
		{FCC53007-08F4-459C-B41B-0D22CF27F38F}.Debug|Any CPU.ActiveCfg = Debug|Any CPU
		{FCC53007-08F4-459C-B41B-0D22CF27F38F}.Debug|Any CPU.Build.0 = Debug|Any CPU
		{FCC53007-08F4-459C-B41B-0D22CF27F38F}.Release|Any CPU.ActiveCfg = Release|Any CPU
		{FCC53007-08F4-459C-B41B-0D22CF27F38F}.Release|Any CPU.Build.0 = Release|Any CPU
	EndGlobalSection
	GlobalSection(SolutionProperties) = preSolution
		HideSolutionNode = FALSE
	EndGlobalSection
EndGlobal
